// !$*UTF8*$!
{
	archiveVersion = 1;
	classes = {
	};
	objectVersion = 51;
	objects = {

/* Begin PBXBuildFile section */
		2629198924DB899800FC756F /* BarcodeEvaluation.swift in Sources */ = {isa = PBXBuildFile; fileRef = 2629198824DB899800FC756F /* BarcodeEvaluation.swift */; };
		262E0A6F2489D18600DFC73D /* SocketClient.swift in Sources */ = {isa = PBXBuildFile; fileRef = 262E0A6E2489D18600DFC73D /* SocketClient.swift */; };
		262E0A702489D18600DFC73D /* SocketClient.swift in Sources */ = {isa = PBXBuildFile; fileRef = 262E0A6E2489D18600DFC73D /* SocketClient.swift */; };
		266844622444136500D1B95E /* TableViewControllerVCExt.swift in Sources */ = {isa = PBXBuildFile; fileRef = 266844612444136500D1B95E /* TableViewControllerVCExt.swift */; };
		2669669724E2204900817886 /* Notes.rtf in Resources */ = {isa = PBXBuildFile; fileRef = 2669669624E2204900817886 /* Notes.rtf */; };
		2669669924E2318D00817886 /* TODOs.rtf in Resources */ = {isa = PBXBuildFile; fileRef = 2669669824E2318D00817886 /* TODOs.rtf */; };
		2669669B24E26D8400817886 /* BarcodeManagerVCExt.swift in Sources */ = {isa = PBXBuildFile; fileRef = 2669669A24E26D8300817886 /* BarcodeManagerVCExt.swift */; };
		266CE32E248B142300515480 /* UIApplicationExt.swift in Sources */ = {isa = PBXBuildFile; fileRef = 266CE32D248B142300515480 /* UIApplicationExt.swift */; };
		266CE330248B146500515480 /* Math.swift in Sources */ = {isa = PBXBuildFile; fileRef = 266CE32F248B146500515480 /* Math.swift */; };
		266CE333248B16A400515480 /* Alert.swift in Sources */ = {isa = PBXBuildFile; fileRef = 266CE332248B16A400515480 /* Alert.swift */; };
		267A88FA248424F000412DD9 /* Barcodes.swift in Sources */ = {isa = PBXBuildFile; fileRef = 267A88F9248424F000412DD9 /* Barcodes.swift */; };
		267A88FC24852F5900412DD9 /* MLKitCameraSetupVCExt.swift in Sources */ = {isa = PBXBuildFile; fileRef = 267A88FB24852F5900412DD9 /* MLKitCameraSetupVCExt.swift */; };
		267A89002485394700412DD9 /* VNScanerCameraSetupVCExt.swift in Sources */ = {isa = PBXBuildFile; fileRef = 267A88FF2485394700412DD9 /* VNScanerCameraSetupVCExt.swift */; };
		267A890224854EC500412DD9 /* TableViewSetupVCExt.swift in Sources */ = {isa = PBXBuildFile; fileRef = 267A890124854EC500412DD9 /* TableViewSetupVCExt.swift */; };
		268DD1D72443BA4C00CFBC75 /* AppDelegate.swift in Sources */ = {isa = PBXBuildFile; fileRef = 268DD1D62443BA4C00CFBC75 /* AppDelegate.swift */; };
		268DD1D92443BA4C00CFBC75 /* SceneDelegate.swift in Sources */ = {isa = PBXBuildFile; fileRef = 268DD1D82443BA4C00CFBC75 /* SceneDelegate.swift */; };
		268DD1DB2443BA4C00CFBC75 /* ViewController.swift in Sources */ = {isa = PBXBuildFile; fileRef = 268DD1DA2443BA4C00CFBC75 /* ViewController.swift */; };
		268DD1E12443BA4C00CFBC75 /* ScanBarcode.xcdatamodeld in Sources */ = {isa = PBXBuildFile; fileRef = 268DD1DF2443BA4C00CFBC75 /* ScanBarcode.xcdatamodeld */; };
		268DD1E32443BA5000CFBC75 /* Assets.xcassets in Resources */ = {isa = PBXBuildFile; fileRef = 268DD1E22443BA5000CFBC75 /* Assets.xcassets */; };
		268DD1E62443BA5000CFBC75 /* LaunchScreen.storyboard in Resources */ = {isa = PBXBuildFile; fileRef = 268DD1E42443BA5000CFBC75 /* LaunchScreen.storyboard */; };
		268DD1F12443BA5100CFBC75 /* ScanBarcodeTests.swift in Sources */ = {isa = PBXBuildFile; fileRef = 268DD1F02443BA5100CFBC75 /* ScanBarcodeTests.swift */; };
		268DD1FD2443C29100CFBC75 /* UIViewConstraintsExt.swift in Sources */ = {isa = PBXBuildFile; fileRef = 268DD1FC2443C29100CFBC75 /* UIViewConstraintsExt.swift */; };
		268DD2002443C53E00CFBC75 /* BarcodeTableViewCell.swift in Sources */ = {isa = PBXBuildFile; fileRef = 268DD1FF2443C53E00CFBC75 /* BarcodeTableViewCell.swift */; };
		268DD9E124F4C59A002FD013 /* SideMenu.swift in Sources */ = {isa = PBXBuildFile; fileRef = 268DD9E024F4C59A002FD013 /* SideMenu.swift */; };
		26AC7B3624907BB200E9547E /* CaptureOutputDelegateVCExt.swift in Sources */ = {isa = PBXBuildFile; fileRef = 26AC7B3524907BB200E9547E /* CaptureOutputDelegateVCExt.swift */; };
		26C780E9244400E0000BCD07 /* CameraSetupVCExt.swift in Sources */ = {isa = PBXBuildFile; fileRef = 26C780E8244400E0000BCD07 /* CameraSetupVCExt.swift */; };
		26CC28BD2483BA9700F52540 /* VNBarcodeDetector.swift in Sources */ = {isa = PBXBuildFile; fileRef = 26CC28BC2483BA9700F52540 /* VNBarcodeDetector.swift */; };
		26CC28BF2483BD0300F52540 /* Globals.swift in Sources */ = {isa = PBXBuildFile; fileRef = 26CC28BE2483BD0300F52540 /* Globals.swift */; };
		26CF0DB524AC68DC00051952 /* DrawShapesVCExt.swift in Sources */ = {isa = PBXBuildFile; fileRef = 26CF0DB424AC68DC00051952 /* DrawShapesVCExt.swift */; };
		26EA93132485D1F600D51CB8 /* MLBarcodeDetector.swift in Sources */ = {isa = PBXBuildFile; fileRef = 26EA93122485D1F600D51CB8 /* MLBarcodeDetector.swift */; };
		26EA93152485F4E400D51CB8 /* GoogleService-Info.plist in Resources */ = {isa = PBXBuildFile; fileRef = 26EA93142485F4E400D51CB8 /* GoogleService-Info.plist */; };
		26EA93172487297F00D51CB8 /* README.rtf in Resources */ = {isa = PBXBuildFile; fileRef = 26EA93162487297F00D51CB8 /* README.rtf */; };
		26EE5EDA24E8B7E2005D720C /* Point.swift in Sources */ = {isa = PBXBuildFile; fileRef = 26EE5ED924E8B7E2005D720C /* Point.swift */; };
		26F3A45C2488866D00C8D318 /* ButtonSetupVCExt.swift in Sources */ = {isa = PBXBuildFile; fileRef = 26F3A45B2488866D00C8D318 /* ButtonSetupVCExt.swift */; };
		26F491192490AEAD0096AF58 /* TextRecognitionVCExt.swift in Sources */ = {isa = PBXBuildFile; fileRef = 26F491182490AEAD0096AF58 /* TextRecognitionVCExt.swift */; };
		312538BA1BC028B9F0965824 /* Pods_ScanBarcode.framework in Frameworks */ = {isa = PBXBuildFile; fileRef = 6337584DCFA6533928D79074 /* Pods_ScanBarcode.framework */; };
		97D1906B51AA1D2A10E060AD /* Pods_ScanBarcodeTests.framework in Frameworks */ = {isa = PBXBuildFile; fileRef = E623BF50F5CC0E69DB45D587 /* Pods_ScanBarcodeTests.framework */; };
/* End PBXBuildFile section */

/* Begin PBXContainerItemProxy section */
		268DD1ED2443BA5100CFBC75 /* PBXContainerItemProxy */ = {
			isa = PBXContainerItemProxy;
			containerPortal = 268DD1CB2443BA4C00CFBC75 /* Project object */;
			proxyType = 1;
			remoteGlobalIDString = 268DD1D22443BA4C00CFBC75;
			remoteInfo = ScanBarcode;
		};
/* End PBXContainerItemProxy section */

/* Begin PBXFileReference section */
		2629198824DB899800FC756F /* BarcodeEvaluation.swift */ = {isa = PBXFileReference; lastKnownFileType = sourcecode.swift; path = BarcodeEvaluation.swift; sourceTree = "<group>"; };
		262E0A6E2489D18600DFC73D /* SocketClient.swift */ = {isa = PBXFileReference; fileEncoding = 4; lastKnownFileType = sourcecode.swift; path = SocketClient.swift; sourceTree = "<group>"; };
		266844612444136500D1B95E /* TableViewControllerVCExt.swift */ = {isa = PBXFileReference; lastKnownFileType = sourcecode.swift; path = TableViewControllerVCExt.swift; sourceTree = "<group>"; };
		2669669624E2204900817886 /* Notes.rtf */ = {isa = PBXFileReference; lastKnownFileType = text.rtf; path = Notes.rtf; sourceTree = "<group>"; };
		2669669824E2318D00817886 /* TODOs.rtf */ = {isa = PBXFileReference; lastKnownFileType = text.rtf; path = TODOs.rtf; sourceTree = "<group>"; };
		2669669A24E26D8300817886 /* BarcodeManagerVCExt.swift */ = {isa = PBXFileReference; lastKnownFileType = sourcecode.swift; path = BarcodeManagerVCExt.swift; sourceTree = "<group>"; };
		266CE32D248B142300515480 /* UIApplicationExt.swift */ = {isa = PBXFileReference; lastKnownFileType = sourcecode.swift; path = UIApplicationExt.swift; sourceTree = "<group>"; };
		266CE32F248B146500515480 /* Math.swift */ = {isa = PBXFileReference; lastKnownFileType = sourcecode.swift; path = Math.swift; sourceTree = "<group>"; };
		266CE332248B16A400515480 /* Alert.swift */ = {isa = PBXFileReference; lastKnownFileType = sourcecode.swift; path = Alert.swift; sourceTree = "<group>"; };
		267A88F9248424F000412DD9 /* Barcodes.swift */ = {isa = PBXFileReference; lastKnownFileType = sourcecode.swift; path = Barcodes.swift; sourceTree = "<group>"; };
		267A88FB24852F5900412DD9 /* MLKitCameraSetupVCExt.swift */ = {isa = PBXFileReference; lastKnownFileType = sourcecode.swift; path = MLKitCameraSetupVCExt.swift; sourceTree = "<group>"; };
		267A88FF2485394700412DD9 /* VNScanerCameraSetupVCExt.swift */ = {isa = PBXFileReference; lastKnownFileType = sourcecode.swift; path = VNScanerCameraSetupVCExt.swift; sourceTree = "<group>"; };
		267A890124854EC500412DD9 /* TableViewSetupVCExt.swift */ = {isa = PBXFileReference; lastKnownFileType = sourcecode.swift; path = TableViewSetupVCExt.swift; sourceTree = "<group>"; };
		268DD1D32443BA4C00CFBC75 /* ScanBarcode.app */ = {isa = PBXFileReference; explicitFileType = wrapper.application; includeInIndex = 0; path = ScanBarcode.app; sourceTree = BUILT_PRODUCTS_DIR; };
		268DD1D62443BA4C00CFBC75 /* AppDelegate.swift */ = {isa = PBXFileReference; lastKnownFileType = sourcecode.swift; path = AppDelegate.swift; sourceTree = "<group>"; };
		268DD1D82443BA4C00CFBC75 /* SceneDelegate.swift */ = {isa = PBXFileReference; lastKnownFileType = sourcecode.swift; path = SceneDelegate.swift; sourceTree = "<group>"; };
		268DD1DA2443BA4C00CFBC75 /* ViewController.swift */ = {isa = PBXFileReference; lastKnownFileType = sourcecode.swift; path = ViewController.swift; sourceTree = "<group>"; };
		268DD1E02443BA4C00CFBC75 /* ScanBarcode.xcdatamodel */ = {isa = PBXFileReference; lastKnownFileType = wrapper.xcdatamodel; path = ScanBarcode.xcdatamodel; sourceTree = "<group>"; };
		268DD1E22443BA5000CFBC75 /* Assets.xcassets */ = {isa = PBXFileReference; lastKnownFileType = folder.assetcatalog; path = Assets.xcassets; sourceTree = "<group>"; };
		268DD1E52443BA5000CFBC75 /* Base */ = {isa = PBXFileReference; lastKnownFileType = file.storyboard; name = Base; path = Base.lproj/LaunchScreen.storyboard; sourceTree = "<group>"; };
		268DD1E72443BA5100CFBC75 /* Info.plist */ = {isa = PBXFileReference; lastKnownFileType = text.plist.xml; path = Info.plist; sourceTree = "<group>"; };
		268DD1EC2443BA5100CFBC75 /* ScanBarcodeTests.xctest */ = {isa = PBXFileReference; explicitFileType = wrapper.cfbundle; includeInIndex = 0; path = ScanBarcodeTests.xctest; sourceTree = BUILT_PRODUCTS_DIR; };
		268DD1F02443BA5100CFBC75 /* ScanBarcodeTests.swift */ = {isa = PBXFileReference; lastKnownFileType = sourcecode.swift; path = ScanBarcodeTests.swift; sourceTree = "<group>"; };
		268DD1F22443BA5100CFBC75 /* Info.plist */ = {isa = PBXFileReference; lastKnownFileType = text.plist.xml; path = Info.plist; sourceTree = "<group>"; };
		268DD1FC2443C29100CFBC75 /* UIViewConstraintsExt.swift */ = {isa = PBXFileReference; lastKnownFileType = sourcecode.swift; path = UIViewConstraintsExt.swift; sourceTree = "<group>"; };
		268DD1FF2443C53E00CFBC75 /* BarcodeTableViewCell.swift */ = {isa = PBXFileReference; lastKnownFileType = sourcecode.swift; path = BarcodeTableViewCell.swift; sourceTree = "<group>"; };
		268DD9E024F4C59A002FD013 /* SideMenu.swift */ = {isa = PBXFileReference; lastKnownFileType = sourcecode.swift; path = SideMenu.swift; sourceTree = "<group>"; };
		26AC7B3524907BB200E9547E /* CaptureOutputDelegateVCExt.swift */ = {isa = PBXFileReference; lastKnownFileType = sourcecode.swift; path = CaptureOutputDelegateVCExt.swift; sourceTree = "<group>"; };
		26C780E8244400E0000BCD07 /* CameraSetupVCExt.swift */ = {isa = PBXFileReference; lastKnownFileType = sourcecode.swift; path = CameraSetupVCExt.swift; sourceTree = "<group>"; };
		26CC28BC2483BA9700F52540 /* VNBarcodeDetector.swift */ = {isa = PBXFileReference; lastKnownFileType = sourcecode.swift; path = VNBarcodeDetector.swift; sourceTree = "<group>"; };
		26CC28BE2483BD0300F52540 /* Globals.swift */ = {isa = PBXFileReference; lastKnownFileType = sourcecode.swift; path = Globals.swift; sourceTree = "<group>"; };
		26CF0DB424AC68DC00051952 /* DrawShapesVCExt.swift */ = {isa = PBXFileReference; lastKnownFileType = sourcecode.swift; path = DrawShapesVCExt.swift; sourceTree = "<group>"; };
		26EA93122485D1F600D51CB8 /* MLBarcodeDetector.swift */ = {isa = PBXFileReference; lastKnownFileType = sourcecode.swift; path = MLBarcodeDetector.swift; sourceTree = "<group>"; };
		26EA93142485F4E400D51CB8 /* GoogleService-Info.plist */ = {isa = PBXFileReference; fileEncoding = 4; lastKnownFileType = text.plist.xml; path = "GoogleService-Info.plist"; sourceTree = "<group>"; };
		26EA93162487297F00D51CB8 /* README.rtf */ = {isa = PBXFileReference; lastKnownFileType = text.rtf; path = README.rtf; sourceTree = "<group>"; };
		26EE5ED924E8B7E2005D720C /* Point.swift */ = {isa = PBXFileReference; lastKnownFileType = sourcecode.swift; path = Point.swift; sourceTree = "<group>"; };
		26F3A45B2488866D00C8D318 /* ButtonSetupVCExt.swift */ = {isa = PBXFileReference; lastKnownFileType = sourcecode.swift; path = ButtonSetupVCExt.swift; sourceTree = "<group>"; };
		26F491182490AEAD0096AF58 /* TextRecognitionVCExt.swift */ = {isa = PBXFileReference; lastKnownFileType = sourcecode.swift; path = TextRecognitionVCExt.swift; sourceTree = "<group>"; };
		6337584DCFA6533928D79074 /* Pods_ScanBarcode.framework */ = {isa = PBXFileReference; explicitFileType = wrapper.framework; includeInIndex = 0; path = Pods_ScanBarcode.framework; sourceTree = BUILT_PRODUCTS_DIR; };
		8C75B6B1F54837E6FAE408D9 /* Pods-ScanBarcodeTests.debug.xcconfig */ = {isa = PBXFileReference; includeInIndex = 1; lastKnownFileType = text.xcconfig; name = "Pods-ScanBarcodeTests.debug.xcconfig"; path = "Target Support Files/Pods-ScanBarcodeTests/Pods-ScanBarcodeTests.debug.xcconfig"; sourceTree = "<group>"; };
		BDCA6448733680D988023F75 /* Pods-ScanBarcodeTests.release.xcconfig */ = {isa = PBXFileReference; includeInIndex = 1; lastKnownFileType = text.xcconfig; name = "Pods-ScanBarcodeTests.release.xcconfig"; path = "Target Support Files/Pods-ScanBarcodeTests/Pods-ScanBarcodeTests.release.xcconfig"; sourceTree = "<group>"; };
		DAD05A9EF5D60CB98A6545BD /* Pods-ScanBarcode.release.xcconfig */ = {isa = PBXFileReference; includeInIndex = 1; lastKnownFileType = text.xcconfig; name = "Pods-ScanBarcode.release.xcconfig"; path = "Target Support Files/Pods-ScanBarcode/Pods-ScanBarcode.release.xcconfig"; sourceTree = "<group>"; };
		E4EB34F0180BFB4FBAF089CC /* Pods-ScanBarcode.debug.xcconfig */ = {isa = PBXFileReference; includeInIndex = 1; lastKnownFileType = text.xcconfig; name = "Pods-ScanBarcode.debug.xcconfig"; path = "Target Support Files/Pods-ScanBarcode/Pods-ScanBarcode.debug.xcconfig"; sourceTree = "<group>"; };
		E623BF50F5CC0E69DB45D587 /* Pods_ScanBarcodeTests.framework */ = {isa = PBXFileReference; explicitFileType = wrapper.framework; includeInIndex = 0; path = Pods_ScanBarcodeTests.framework; sourceTree = BUILT_PRODUCTS_DIR; };
/* End PBXFileReference section */

/* Begin PBXFrameworksBuildPhase section */
		268DD1D02443BA4C00CFBC75 /* Frameworks */ = {
			isa = PBXFrameworksBuildPhase;
			buildActionMask = 2147483647;
			files = (
				312538BA1BC028B9F0965824 /* Pods_ScanBarcode.framework in Frameworks */,
			);
			runOnlyForDeploymentPostprocessing = 0;
		};
		268DD1E92443BA5100CFBC75 /* Frameworks */ = {
			isa = PBXFrameworksBuildPhase;
			buildActionMask = 2147483647;
			files = (
				97D1906B51AA1D2A10E060AD /* Pods_ScanBarcodeTests.framework in Frameworks */,
			);
			runOnlyForDeploymentPostprocessing = 0;
		};
/* End PBXFrameworksBuildPhase section */

/* Begin PBXGroup section */
		091B1D13B45E03AF3B7E7BDD /* Frameworks */ = {
			isa = PBXGroup;
			children = (
				6337584DCFA6533928D79074 /* Pods_ScanBarcode.framework */,
				E623BF50F5CC0E69DB45D587 /* Pods_ScanBarcodeTests.framework */,
			);
			name = Frameworks;
			sourceTree = "<group>";
		};
		262E0A6D2489D14E00DFC73D /* Networking */ = {
			isa = PBXGroup;
			children = (
				262E0A6E2489D18600DFC73D /* SocketClient.swift */,
			);
			path = Networking;
			sourceTree = "<group>";
		};
		268DD1CA2443BA4C00CFBC75 = {
			isa = PBXGroup;
			children = (
				268DD1D52443BA4C00CFBC75 /* ScanBarcode */,
				268DD1EF2443BA5100CFBC75 /* ScanBarcodeTests */,
				268DD1D42443BA4C00CFBC75 /* Products */,
				A482D77F18610C680272EC0E /* Pods */,
				091B1D13B45E03AF3B7E7BDD /* Frameworks */,
			);
			sourceTree = "<group>";
		};
		268DD1D42443BA4C00CFBC75 /* Products */ = {
			isa = PBXGroup;
			children = (
				268DD1D32443BA4C00CFBC75 /* ScanBarcode.app */,
				268DD1EC2443BA5100CFBC75 /* ScanBarcodeTests.xctest */,
			);
			name = Products;
			sourceTree = "<group>";
		};
		268DD1D52443BA4C00CFBC75 /* ScanBarcode */ = {
			isa = PBXGroup;
			children = (
				26CC28BE2483BD0300F52540 /* Globals.swift */,
				266CE32F248B146500515480 /* Math.swift */,
				262E0A6D2489D14E00DFC73D /* Networking */,
				268DD1FB2443C26500CFBC75 /* Presenter */,
				26C780E72444008E000BCD07 /* Model */,
				268DD1FE2443C51F00CFBC75 /* View */,
				268DD1D62443BA4C00CFBC75 /* AppDelegate.swift */,
				268DD1D82443BA4C00CFBC75 /* SceneDelegate.swift */,
				268DD1E22443BA5000CFBC75 /* Assets.xcassets */,
				268DD1E42443BA5000CFBC75 /* LaunchScreen.storyboard */,
				268DD1E72443BA5100CFBC75 /* Info.plist */,
				268DD1DF2443BA4C00CFBC75 /* ScanBarcode.xcdatamodeld */,
				26EA93142485F4E400D51CB8 /* GoogleService-Info.plist */,
				26EA93162487297F00D51CB8 /* README.rtf */,
				2669669624E2204900817886 /* Notes.rtf */,
				2669669824E2318D00817886 /* TODOs.rtf */,
			);
			path = ScanBarcode;
			sourceTree = "<group>";
		};
		268DD1EF2443BA5100CFBC75 /* ScanBarcodeTests */ = {
			isa = PBXGroup;
			children = (
				268DD1F02443BA5100CFBC75 /* ScanBarcodeTests.swift */,
				268DD1F22443BA5100CFBC75 /* Info.plist */,
			);
			path = ScanBarcodeTests;
			sourceTree = "<group>";
		};
		268DD1FB2443C26500CFBC75 /* Presenter */ = {
			isa = PBXGroup;
			children = (
				266844612444136500D1B95E /* TableViewControllerVCExt.swift */,
				267A88FB24852F5900412DD9 /* MLKitCameraSetupVCExt.swift */,
				267A88FF2485394700412DD9 /* VNScanerCameraSetupVCExt.swift */,
				26C780E8244400E0000BCD07 /* CameraSetupVCExt.swift */,
				26EA93122485D1F600D51CB8 /* MLBarcodeDetector.swift */,
				26CC28BC2483BA9700F52540 /* VNBarcodeDetector.swift */,
				266CE32D248B142300515480 /* UIApplicationExt.swift */,
				26AC7B3524907BB200E9547E /* CaptureOutputDelegateVCExt.swift */,
				26F491182490AEAD0096AF58 /* TextRecognitionVCExt.swift */,
				2669669A24E26D8300817886 /* BarcodeManagerVCExt.swift */,
				267A890124854EC500412DD9 /* TableViewSetupVCExt.swift */,
				268DD9E024F4C59A002FD013 /* SideMenu.swift */,
			);
			path = Presenter;
			sourceTree = "<group>";
		};
		268DD1FE2443C51F00CFBC75 /* View */ = {
			isa = PBXGroup;
			children = (
				268DD1FF2443C53E00CFBC75 /* BarcodeTableViewCell.swift */,
				268DD1FC2443C29100CFBC75 /* UIViewConstraintsExt.swift */,
				268DD1DA2443BA4C00CFBC75 /* ViewController.swift */,
				26F3A45B2488866D00C8D318 /* ButtonSetupVCExt.swift */,
				26CF0DB424AC68DC00051952 /* DrawShapesVCExt.swift */,
			);
			path = View;
			sourceTree = "<group>";
		};
		26C780E72444008E000BCD07 /* Model */ = {
			isa = PBXGroup;
			children = (
				266CE332248B16A400515480 /* Alert.swift */,
				267A88F9248424F000412DD9 /* Barcodes.swift */,
				2629198824DB899800FC756F /* BarcodeEvaluation.swift */,
				26EE5ED924E8B7E2005D720C /* Point.swift */,
			);
			path = Model;
			sourceTree = "<group>";
		};
		A482D77F18610C680272EC0E /* Pods */ = {
			isa = PBXGroup;
			children = (
				E4EB34F0180BFB4FBAF089CC /* Pods-ScanBarcode.debug.xcconfig */,
				DAD05A9EF5D60CB98A6545BD /* Pods-ScanBarcode.release.xcconfig */,
				8C75B6B1F54837E6FAE408D9 /* Pods-ScanBarcodeTests.debug.xcconfig */,
				BDCA6448733680D988023F75 /* Pods-ScanBarcodeTests.release.xcconfig */,
			);
			path = Pods;
			sourceTree = "<group>";
		};
/* End PBXGroup section */

/* Begin PBXNativeTarget section */
		268DD1D22443BA4C00CFBC75 /* ScanBarcode */ = {
			isa = PBXNativeTarget;
			buildConfigurationList = 268DD1F52443BA5100CFBC75 /* Build configuration list for PBXNativeTarget "ScanBarcode" */;
			buildPhases = (
				AF2179EFB1E57A0A2E9111E8 /* [CP] Check Pods Manifest.lock */,
				268DD1CF2443BA4C00CFBC75 /* Sources */,
				268DD1D02443BA4C00CFBC75 /* Frameworks */,
				268DD1D12443BA4C00CFBC75 /* Resources */,
				47D1C3F6C0279A9E382C08A9 /* [CP] Embed Pods Frameworks */,
				61B15F41E07A96A65DD46AD2 /* [CP] Copy Pods Resources */,
			);
			buildRules = (
			);
			dependencies = (
			);
			name = ScanBarcode;
			productName = ScanBarcode;
			productReference = 268DD1D32443BA4C00CFBC75 /* ScanBarcode.app */;
			productType = "com.apple.product-type.application";
		};
		268DD1EB2443BA5100CFBC75 /* ScanBarcodeTests */ = {
			isa = PBXNativeTarget;
			buildConfigurationList = 268DD1F82443BA5100CFBC75 /* Build configuration list for PBXNativeTarget "ScanBarcodeTests" */;
			buildPhases = (
				4BF6280FF282B53E40AE7598 /* [CP] Check Pods Manifest.lock */,
				268DD1E82443BA5100CFBC75 /* Sources */,
				268DD1E92443BA5100CFBC75 /* Frameworks */,
				268DD1EA2443BA5100CFBC75 /* Resources */,
			);
			buildRules = (
			);
			dependencies = (
				268DD1EE2443BA5100CFBC75 /* PBXTargetDependency */,
			);
			name = ScanBarcodeTests;
			productName = ScanBarcodeTests;
			productReference = 268DD1EC2443BA5100CFBC75 /* ScanBarcodeTests.xctest */;
			productType = "com.apple.product-type.bundle.unit-test";
		};
/* End PBXNativeTarget section */

/* Begin PBXProject section */
		268DD1CB2443BA4C00CFBC75 /* Project object */ = {
			isa = PBXProject;
			attributes = {
				LastSwiftUpdateCheck = 1140;
				LastUpgradeCheck = 1140;
				ORGANIZATIONNAME = "Bohdan Pedoria";
				TargetAttributes = {
					268DD1D22443BA4C00CFBC75 = {
						CreatedOnToolsVersion = 11.4;
					};
					268DD1EB2443BA5100CFBC75 = {
						CreatedOnToolsVersion = 11.4;
						TestTargetID = 268DD1D22443BA4C00CFBC75;
					};
				};
			};
			buildConfigurationList = 268DD1CE2443BA4C00CFBC75 /* Build configuration list for PBXProject "ScanBarcode" */;
			compatibilityVersion = "Xcode 9.3";
			developmentRegion = en;
			hasScannedForEncodings = 0;
			knownRegions = (
				en,
				Base,
			);
			mainGroup = 268DD1CA2443BA4C00CFBC75;
			productRefGroup = 268DD1D42443BA4C00CFBC75 /* Products */;
			projectDirPath = "";
			projectRoot = "";
			targets = (
				268DD1D22443BA4C00CFBC75 /* ScanBarcode */,
				268DD1EB2443BA5100CFBC75 /* ScanBarcodeTests */,
			);
		};
/* End PBXProject section */

/* Begin PBXResourcesBuildPhase section */
		268DD1D12443BA4C00CFBC75 /* Resources */ = {
			isa = PBXResourcesBuildPhase;
			buildActionMask = 2147483647;
			files = (
				268DD1E62443BA5000CFBC75 /* LaunchScreen.storyboard in Resources */,
				268DD1E32443BA5000CFBC75 /* Assets.xcassets in Resources */,
				26EA93172487297F00D51CB8 /* README.rtf in Resources */,
				26EA93152485F4E400D51CB8 /* GoogleService-Info.plist in Resources */,
				2669669924E2318D00817886 /* TODOs.rtf in Resources */,
				2669669724E2204900817886 /* Notes.rtf in Resources */,
			);
			runOnlyForDeploymentPostprocessing = 0;
		};
		268DD1EA2443BA5100CFBC75 /* Resources */ = {
			isa = PBXResourcesBuildPhase;
			buildActionMask = 2147483647;
			files = (
			);
			runOnlyForDeploymentPostprocessing = 0;
		};
/* End PBXResourcesBuildPhase section */

/* Begin PBXShellScriptBuildPhase section */
		47D1C3F6C0279A9E382C08A9 /* [CP] Embed Pods Frameworks */ = {
			isa = PBXShellScriptBuildPhase;
			buildActionMask = 2147483647;
			files = (
			);
			inputFileListPaths = (
				"${PODS_ROOT}/Target Support Files/Pods-ScanBarcode/Pods-ScanBarcode-frameworks-${CONFIGURATION}-input-files.xcfilelist",
			);
			name = "[CP] Embed Pods Frameworks";
			outputFileListPaths = (
				"${PODS_ROOT}/Target Support Files/Pods-ScanBarcode/Pods-ScanBarcode-frameworks-${CONFIGURATION}-output-files.xcfilelist",
			);
			runOnlyForDeploymentPostprocessing = 0;
			shellPath = /bin/sh;
			shellScript = "\"${PODS_ROOT}/Target Support Files/Pods-ScanBarcode/Pods-ScanBarcode-frameworks.sh\"\n";
			showEnvVarsInLog = 0;
		};
		4BF6280FF282B53E40AE7598 /* [CP] Check Pods Manifest.lock */ = {
			isa = PBXShellScriptBuildPhase;
			buildActionMask = 2147483647;
			files = (
			);
			inputFileListPaths = (
			);
			inputPaths = (
				"${PODS_PODFILE_DIR_PATH}/Podfile.lock",
				"${PODS_ROOT}/Manifest.lock",
			);
			name = "[CP] Check Pods Manifest.lock";
			outputFileListPaths = (
			);
			outputPaths = (
				"$(DERIVED_FILE_DIR)/Pods-ScanBarcodeTests-checkManifestLockResult.txt",
			);
			runOnlyForDeploymentPostprocessing = 0;
			shellPath = /bin/sh;
			shellScript = "diff \"${PODS_PODFILE_DIR_PATH}/Podfile.lock\" \"${PODS_ROOT}/Manifest.lock\" > /dev/null\nif [ $? != 0 ] ; then\n    # print error to STDERR\n    echo \"error: The sandbox is not in sync with the Podfile.lock. Run 'pod install' or update your CocoaPods installation.\" >&2\n    exit 1\nfi\n# This output is used by Xcode 'outputs' to avoid re-running this script phase.\necho \"SUCCESS\" > \"${SCRIPT_OUTPUT_FILE_0}\"\n";
			showEnvVarsInLog = 0;
		};
		61B15F41E07A96A65DD46AD2 /* [CP] Copy Pods Resources */ = {
			isa = PBXShellScriptBuildPhase;
			buildActionMask = 2147483647;
			files = (
			);
			inputFileListPaths = (
				"${PODS_ROOT}/Target Support Files/Pods-ScanBarcode/Pods-ScanBarcode-resources-${CONFIGURATION}-input-files.xcfilelist",
			);
			name = "[CP] Copy Pods Resources";
			outputFileListPaths = (
				"${PODS_ROOT}/Target Support Files/Pods-ScanBarcode/Pods-ScanBarcode-resources-${CONFIGURATION}-output-files.xcfilelist",
			);
			runOnlyForDeploymentPostprocessing = 0;
			shellPath = /bin/sh;
			shellScript = "\"${PODS_ROOT}/Target Support Files/Pods-ScanBarcode/Pods-ScanBarcode-resources.sh\"\n";
			showEnvVarsInLog = 0;
		};
		AF2179EFB1E57A0A2E9111E8 /* [CP] Check Pods Manifest.lock */ = {
			isa = PBXShellScriptBuildPhase;
			buildActionMask = 2147483647;
			files = (
			);
			inputFileListPaths = (
			);
			inputPaths = (
				"${PODS_PODFILE_DIR_PATH}/Podfile.lock",
				"${PODS_ROOT}/Manifest.lock",
			);
			name = "[CP] Check Pods Manifest.lock";
			outputFileListPaths = (
			);
			outputPaths = (
				"$(DERIVED_FILE_DIR)/Pods-ScanBarcode-checkManifestLockResult.txt",
			);
			runOnlyForDeploymentPostprocessing = 0;
			shellPath = /bin/sh;
			shellScript = "diff \"${PODS_PODFILE_DIR_PATH}/Podfile.lock\" \"${PODS_ROOT}/Manifest.lock\" > /dev/null\nif [ $? != 0 ] ; then\n    # print error to STDERR\n    echo \"error: The sandbox is not in sync with the Podfile.lock. Run 'pod install' or update your CocoaPods installation.\" >&2\n    exit 1\nfi\n# This output is used by Xcode 'outputs' to avoid re-running this script phase.\necho \"SUCCESS\" > \"${SCRIPT_OUTPUT_FILE_0}\"\n";
			showEnvVarsInLog = 0;
		};
/* End PBXShellScriptBuildPhase section */

/* Begin PBXSourcesBuildPhase section */
		268DD1CF2443BA4C00CFBC75 /* Sources */ = {
			isa = PBXSourcesBuildPhase;
			buildActionMask = 2147483647;
			files = (
				267A89002485394700412DD9 /* VNScanerCameraSetupVCExt.swift in Sources */,
				26F491192490AEAD0096AF58 /* TextRecognitionVCExt.swift in Sources */,
				267A88FC24852F5900412DD9 /* MLKitCameraSetupVCExt.swift in Sources */,
				268DD9E124F4C59A002FD013 /* SideMenu.swift in Sources */,
				268DD1FD2443C29100CFBC75 /* UIViewConstraintsExt.swift in Sources */,
				268DD1DB2443BA4C00CFBC75 /* ViewController.swift in Sources */,
				26CC28BD2483BA9700F52540 /* VNBarcodeDetector.swift in Sources */,
				262E0A6F2489D18600DFC73D /* SocketClient.swift in Sources */,
				266CE333248B16A400515480 /* Alert.swift in Sources */,
				26EA93132485D1F600D51CB8 /* MLBarcodeDetector.swift in Sources */,
				26AC7B3624907BB200E9547E /* CaptureOutputDelegateVCExt.swift in Sources */,
				268DD2002443C53E00CFBC75 /* BarcodeTableViewCell.swift in Sources */,
				266844622444136500D1B95E /* TableViewControllerVCExt.swift in Sources */,
				26CF0DB524AC68DC00051952 /* DrawShapesVCExt.swift in Sources */,
				268DD1E12443BA4C00CFBC75 /* ScanBarcode.xcdatamodeld in Sources */,
				267A88FA248424F000412DD9 /* Barcodes.swift in Sources */,
				2629198924DB899800FC756F /* BarcodeEvaluation.swift in Sources */,
				268DD1D72443BA4C00CFBC75 /* AppDelegate.swift in Sources */,
				26F3A45C2488866D00C8D318 /* ButtonSetupVCExt.swift in Sources */,
				26C780E9244400E0000BCD07 /* CameraSetupVCExt.swift in Sources */,
				266CE32E248B142300515480 /* UIApplicationExt.swift in Sources */,
				26CC28BF2483BD0300F52540 /* Globals.swift in Sources */,
				267A890224854EC500412DD9 /* TableViewSetupVCExt.swift in Sources */,
				26EE5EDA24E8B7E2005D720C /* Point.swift in Sources */,
				268DD1D92443BA4C00CFBC75 /* SceneDelegate.swift in Sources */,
				266CE330248B146500515480 /* Math.swift in Sources */,
				2669669B24E26D8400817886 /* BarcodeManagerVCExt.swift in Sources */,
			);
			runOnlyForDeploymentPostprocessing = 0;
		};
		268DD1E82443BA5100CFBC75 /* Sources */ = {
			isa = PBXSourcesBuildPhase;
			buildActionMask = 2147483647;
			files = (
				268DD1F12443BA5100CFBC75 /* ScanBarcodeTests.swift in Sources */,
				262E0A702489D18600DFC73D /* SocketClient.swift in Sources */,
			);
			runOnlyForDeploymentPostprocessing = 0;
		};
/* End PBXSourcesBuildPhase section */

/* Begin PBXTargetDependency section */
		268DD1EE2443BA5100CFBC75 /* PBXTargetDependency */ = {
			isa = PBXTargetDependency;
			target = 268DD1D22443BA4C00CFBC75 /* ScanBarcode */;
			targetProxy = 268DD1ED2443BA5100CFBC75 /* PBXContainerItemProxy */;
		};
/* End PBXTargetDependency section */

/* Begin PBXVariantGroup section */
		268DD1E42443BA5000CFBC75 /* LaunchScreen.storyboard */ = {
			isa = PBXVariantGroup;
			children = (
				268DD1E52443BA5000CFBC75 /* Base */,
			);
			name = LaunchScreen.storyboard;
			sourceTree = "<group>";
		};
/* End PBXVariantGroup section */

/* Begin XCBuildConfiguration section */
		268DD1F32443BA5100CFBC75 /* Debug */ = {
			isa = XCBuildConfiguration;
			buildSettings = {
				ALWAYS_SEARCH_USER_PATHS = NO;
				CLANG_ANALYZER_NONNULL = YES;
				CLANG_ANALYZER_NUMBER_OBJECT_CONVERSION = YES_AGGRESSIVE;
				CLANG_CXX_LANGUAGE_STANDARD = "gnu++14";
				CLANG_CXX_LIBRARY = "libc++";
				CLANG_ENABLE_MODULES = YES;
				CLANG_ENABLE_OBJC_ARC = YES;
				CLANG_ENABLE_OBJC_WEAK = YES;
				CLANG_WARN_BLOCK_CAPTURE_AUTORELEASING = YES;
				CLANG_WARN_BOOL_CONVERSION = YES;
				CLANG_WARN_COMMA = YES;
				CLANG_WARN_CONSTANT_CONVERSION = YES;
				CLANG_WARN_DEPRECATED_OBJC_IMPLEMENTATIONS = YES;
				CLANG_WARN_DIRECT_OBJC_ISA_USAGE = YES_ERROR;
				CLANG_WARN_DOCUMENTATION_COMMENTS = YES;
				CLANG_WARN_EMPTY_BODY = YES;
				CLANG_WARN_ENUM_CONVERSION = YES;
				CLANG_WARN_INFINITE_RECURSION = YES;
				CLANG_WARN_INT_CONVERSION = YES;
				CLANG_WARN_NON_LITERAL_NULL_CONVERSION = YES;
				CLANG_WARN_OBJC_IMPLICIT_RETAIN_SELF = YES;
				CLANG_WARN_OBJC_LITERAL_CONVERSION = YES;
				CLANG_WARN_OBJC_ROOT_CLASS = YES_ERROR;
				CLANG_WARN_RANGE_LOOP_ANALYSIS = YES;
				CLANG_WARN_STRICT_PROTOTYPES = YES;
				CLANG_WARN_SUSPICIOUS_MOVE = YES;
				CLANG_WARN_UNGUARDED_AVAILABILITY = YES_AGGRESSIVE;
				CLANG_WARN_UNREACHABLE_CODE = YES;
				CLANG_WARN__DUPLICATE_METHOD_MATCH = YES;
				COPY_PHASE_STRIP = NO;
				DEBUG_INFORMATION_FORMAT = dwarf;
				ENABLE_STRICT_OBJC_MSGSEND = YES;
				ENABLE_TESTABILITY = YES;
				GCC_C_LANGUAGE_STANDARD = gnu11;
				GCC_DYNAMIC_NO_PIC = NO;
				GCC_NO_COMMON_BLOCKS = YES;
				GCC_OPTIMIZATION_LEVEL = 0;
				GCC_PREPROCESSOR_DEFINITIONS = (
					"DEBUG=1",
					"$(inherited)",
				);
				GCC_WARN_64_TO_32_BIT_CONVERSION = YES;
				GCC_WARN_ABOUT_RETURN_TYPE = YES_ERROR;
				GCC_WARN_UNDECLARED_SELECTOR = YES;
				GCC_WARN_UNINITIALIZED_AUTOS = YES_AGGRESSIVE;
				GCC_WARN_UNUSED_FUNCTION = YES;
				GCC_WARN_UNUSED_VARIABLE = YES;
				IPHONEOS_DEPLOYMENT_TARGET = 13.4;
				MTL_ENABLE_DEBUG_INFO = INCLUDE_SOURCE;
				MTL_FAST_MATH = YES;
				ONLY_ACTIVE_ARCH = YES;
				SDKROOT = iphoneos;
				SWIFT_ACTIVE_COMPILATION_CONDITIONS = DEBUG;
				SWIFT_OPTIMIZATION_LEVEL = "-Onone";
			};
			name = Debug;
		};
		268DD1F42443BA5100CFBC75 /* Release */ = {
			isa = XCBuildConfiguration;
			buildSettings = {
				ALWAYS_SEARCH_USER_PATHS = NO;
				CLANG_ANALYZER_NONNULL = YES;
				CLANG_ANALYZER_NUMBER_OBJECT_CONVERSION = YES_AGGRESSIVE;
				CLANG_CXX_LANGUAGE_STANDARD = "gnu++14";
				CLANG_CXX_LIBRARY = "libc++";
				CLANG_ENABLE_MODULES = YES;
				CLANG_ENABLE_OBJC_ARC = YES;
				CLANG_ENABLE_OBJC_WEAK = YES;
				CLANG_WARN_BLOCK_CAPTURE_AUTORELEASING = YES;
				CLANG_WARN_BOOL_CONVERSION = YES;
				CLANG_WARN_COMMA = YES;
				CLANG_WARN_CONSTANT_CONVERSION = YES;
				CLANG_WARN_DEPRECATED_OBJC_IMPLEMENTATIONS = YES;
				CLANG_WARN_DIRECT_OBJC_ISA_USAGE = YES_ERROR;
				CLANG_WARN_DOCUMENTATION_COMMENTS = YES;
				CLANG_WARN_EMPTY_BODY = YES;
				CLANG_WARN_ENUM_CONVERSION = YES;
				CLANG_WARN_INFINITE_RECURSION = YES;
				CLANG_WARN_INT_CONVERSION = YES;
				CLANG_WARN_NON_LITERAL_NULL_CONVERSION = YES;
				CLANG_WARN_OBJC_IMPLICIT_RETAIN_SELF = YES;
				CLANG_WARN_OBJC_LITERAL_CONVERSION = YES;
				CLANG_WARN_OBJC_ROOT_CLASS = YES_ERROR;
				CLANG_WARN_RANGE_LOOP_ANALYSIS = YES;
				CLANG_WARN_STRICT_PROTOTYPES = YES;
				CLANG_WARN_SUSPICIOUS_MOVE = YES;
				CLANG_WARN_UNGUARDED_AVAILABILITY = YES_AGGRESSIVE;
				CLANG_WARN_UNREACHABLE_CODE = YES;
				CLANG_WARN__DUPLICATE_METHOD_MATCH = YES;
				COPY_PHASE_STRIP = NO;
				DEBUG_INFORMATION_FORMAT = "dwarf-with-dsym";
				ENABLE_NS_ASSERTIONS = NO;
				ENABLE_STRICT_OBJC_MSGSEND = YES;
				GCC_C_LANGUAGE_STANDARD = gnu11;
				GCC_NO_COMMON_BLOCKS = YES;
				GCC_WARN_64_TO_32_BIT_CONVERSION = YES;
				GCC_WARN_ABOUT_RETURN_TYPE = YES_ERROR;
				GCC_WARN_UNDECLARED_SELECTOR = YES;
				GCC_WARN_UNINITIALIZED_AUTOS = YES_AGGRESSIVE;
				GCC_WARN_UNUSED_FUNCTION = YES;
				GCC_WARN_UNUSED_VARIABLE = YES;
				IPHONEOS_DEPLOYMENT_TARGET = 13.4;
				MTL_ENABLE_DEBUG_INFO = NO;
				MTL_FAST_MATH = YES;
				SDKROOT = iphoneos;
				SWIFT_COMPILATION_MODE = wholemodule;
				SWIFT_OPTIMIZATION_LEVEL = "-O";
				VALIDATE_PRODUCT = YES;
			};
			name = Release;
		};
		268DD1F62443BA5100CFBC75 /* Debug */ = {
			isa = XCBuildConfiguration;
			baseConfigurationReference = E4EB34F0180BFB4FBAF089CC /* Pods-ScanBarcode.debug.xcconfig */;
			buildSettings = {
				ASSETCATALOG_COMPILER_APPICON_NAME = AppIcon;
				CODE_SIGN_STYLE = Automatic;
				DEVELOPMENT_TEAM = TC77LHQL3Z;
				INFOPLIST_FILE = ScanBarcode/Info.plist;
				LD_RUNPATH_SEARCH_PATHS = (
					"$(inherited)",
					"@executable_path/Frameworks",
				);
				PRODUCT_BUNDLE_IDENTIFIER = "com.Bohdan-Pedoria.ScanBarcode";
				PRODUCT_NAME = "$(TARGET_NAME)";
				SWIFT_VERSION = 5.0;
				TARGETED_DEVICE_FAMILY = "1,2";
			};
			name = Debug;
		};
		268DD1F72443BA5100CFBC75 /* Release */ = {
			isa = XCBuildConfiguration;
			baseConfigurationReference = DAD05A9EF5D60CB98A6545BD /* Pods-ScanBarcode.release.xcconfig */;
			buildSettings = {
				ASSETCATALOG_COMPILER_APPICON_NAME = AppIcon;
				CODE_SIGN_STYLE = Automatic;
				DEVELOPMENT_TEAM = TC77LHQL3Z;
				INFOPLIST_FILE = ScanBarcode/Info.plist;
				LD_RUNPATH_SEARCH_PATHS = (
					"$(inherited)",
					"@executable_path/Frameworks",
				);
				PRODUCT_BUNDLE_IDENTIFIER = "com.Bohdan-Pedoria.ScanBarcode";
				PRODUCT_NAME = "$(TARGET_NAME)";
				SWIFT_VERSION = 5.0;
				TARGETED_DEVICE_FAMILY = "1,2";
			};
			name = Release;
		};
		268DD1F92443BA5100CFBC75 /* Debug */ = {
			isa = XCBuildConfiguration;
			baseConfigurationReference = 8C75B6B1F54837E6FAE408D9 /* Pods-ScanBarcodeTests.debug.xcconfig */;
			buildSettings = {
				ALWAYS_EMBED_SWIFT_STANDARD_LIBRARIES = YES;
				BUNDLE_LOADER = "$(TEST_HOST)";
				CODE_SIGN_STYLE = Automatic;
				DEVELOPMENT_TEAM = TC77LHQL3Z;
				INFOPLIST_FILE = ScanBarcodeTests/Info.plist;
				IPHONEOS_DEPLOYMENT_TARGET = 13.4;
				LD_RUNPATH_SEARCH_PATHS = (
					"$(inherited)",
					"@executable_path/Frameworks",
					"@loader_path/Frameworks",
				);
				PRODUCT_BUNDLE_IDENTIFIER = "com.Bohdan-Pedoria.ScanBarcodeTests";
				PRODUCT_NAME = "$(TARGET_NAME)";
				SWIFT_VERSION = 5.0;
				TARGETED_DEVICE_FAMILY = "1,2";
				TEST_HOST = "$(BUILT_PRODUCTS_DIR)/ScanBarcode.app/ScanBarcode";
			};
			name = Debug;
		};
		268DD1FA2443BA5100CFBC75 /* Release */ = {
			isa = XCBuildConfiguration;
			baseConfigurationReference = BDCA6448733680D988023F75 /* Pods-ScanBarcodeTests.release.xcconfig */;
			buildSettings = {
				ALWAYS_EMBED_SWIFT_STANDARD_LIBRARIES = YES;
				BUNDLE_LOADER = "$(TEST_HOST)";
				CODE_SIGN_STYLE = Automatic;
				DEVELOPMENT_TEAM = TC77LHQL3Z;
				INFOPLIST_FILE = ScanBarcodeTests/Info.plist;
				IPHONEOS_DEPLOYMENT_TARGET = 13.4;
				LD_RUNPATH_SEARCH_PATHS = (
					"$(inherited)",
					"@executable_path/Frameworks",
					"@loader_path/Frameworks",
				);
				PRODUCT_BUNDLE_IDENTIFIER = "com.Bohdan-Pedoria.ScanBarcodeTests";
				PRODUCT_NAME = "$(TARGET_NAME)";
				SWIFT_VERSION = 5.0;
				TARGETED_DEVICE_FAMILY = "1,2";
				TEST_HOST = "$(BUILT_PRODUCTS_DIR)/ScanBarcode.app/ScanBarcode";
			};
			name = Release;
		};
/* End XCBuildConfiguration section */

/* Begin XCConfigurationList section */
		268DD1CE2443BA4C00CFBC75 /* Build configuration list for PBXProject "ScanBarcode" */ = {
			isa = XCConfigurationList;
			buildConfigurations = (
				268DD1F32443BA5100CFBC75 /* Debug */,
				268DD1F42443BA5100CFBC75 /* Release */,
			);
			defaultConfigurationIsVisible = 0;
			defaultConfigurationName = Release;
		};
		268DD1F52443BA5100CFBC75 /* Build configuration list for PBXNativeTarget "ScanBarcode" */ = {
			isa = XCConfigurationList;
			buildConfigurations = (
				268DD1F62443BA5100CFBC75 /* Debug */,
				268DD1F72443BA5100CFBC75 /* Release */,
			);
			defaultConfigurationIsVisible = 0;
			defaultConfigurationName = Release;
		};
		268DD1F82443BA5100CFBC75 /* Build configuration list for PBXNativeTarget "ScanBarcodeTests" */ = {
			isa = XCConfigurationList;
			buildConfigurations = (
				268DD1F92443BA5100CFBC75 /* Debug */,
				268DD1FA2443BA5100CFBC75 /* Release */,
			);
			defaultConfigurationIsVisible = 0;
			defaultConfigurationName = Release;
		};
/* End XCConfigurationList section */

/* Begin XCVersionGroup section */
		268DD1DF2443BA4C00CFBC75 /* ScanBarcode.xcdatamodeld */ = {
			isa = XCVersionGroup;
			children = (
				268DD1E02443BA4C00CFBC75 /* ScanBarcode.xcdatamodel */,
			);
			currentVersion = 268DD1E02443BA4C00CFBC75 /* ScanBarcode.xcdatamodel */;
			path = ScanBarcode.xcdatamodeld;
			sourceTree = "<group>";
			versionGroupType = wrapper.xcdatamodel;
		};
/* End XCVersionGroup section */
	};
	rootObject = 268DD1CB2443BA4C00CFBC75 /* Project object */;
}
